// !$*UTF8*$!
{
	archiveVersion = 1;
	classes = {
	};
	objectVersion = 46;
	objects = {

/* Begin PBXBuildFile section */
		CB0908691CADC47400835211 /* UIImageView+LZColor.m in Sources */ = {isa = PBXBuildFile; fileRef = CB0908681CADC47400835211 /* UIImageView+LZColor.m */; };
		CB19794E1CADC85A0015B394 /* NSString+LZColor.m in Sources */ = {isa = PBXBuildFile; fileRef = CB19794D1CADC85A0015B394 /* NSString+LZColor.m */; };
		CB1979511CADD5E50015B394 /* UIColor+LZColor.m in Sources */ = {isa = PBXBuildFile; fileRef = CB1979501CADD5E50015B394 /* UIColor+LZColor.m */; };
		CBEA0AE91CACE1320008141F /* UIView+LZFrame.m in Sources */ = {isa = PBXBuildFile; fileRef = CBEA0AE81CACE1320008141F /* UIView+LZFrame.m */; };
		CBEA0AF31CACE3360008141F /* SVIndefiniteAnimatedView.m in Sources */ = {isa = PBXBuildFile; fileRef = CBEA0AEC1CACE3360008141F /* SVIndefiniteAnimatedView.m */; };
		CBEA0AF41CACE3360008141F /* SVProgressHUD.bundle in Resources */ = {isa = PBXBuildFile; fileRef = CBEA0AEE1CACE3360008141F /* SVProgressHUD.bundle */; };
		CBEA0AF51CACE3360008141F /* SVProgressHUD.m in Sources */ = {isa = PBXBuildFile; fileRef = CBEA0AF01CACE3360008141F /* SVProgressHUD.m */; };
		CBEA0AF61CACE3360008141F /* SVRadialGradientLayer.m in Sources */ = {isa = PBXBuildFile; fileRef = CBEA0AF21CACE3360008141F /* SVRadialGradientLayer.m */; };
		CBEA0AF91CACEF4B0008141F /* LZPickerColorController.m in Sources */ = {isa = PBXBuildFile; fileRef = CBEA0AF81CACEF4B0008141F /* LZPickerColorController.m */; };
		CBEA0AFB1CACF00D0008141F /* LZPickerColorController.xib in Resources */ = {isa = PBXBuildFile; fileRef = CBEA0AFA1CACF00D0008141F /* LZPickerColorController.xib */; };
		CBF485431CACBD950029B466 /* LZColorDetectorTests.m in Sources */ = {isa = PBXBuildFile; fileRef = CBF485421CACBD950029B466 /* LZColorDetectorTests.m */; };
		CBF4854E1CACBD950029B466 /* LZColorDetectorUITests.m in Sources */ = {isa = PBXBuildFile; fileRef = CBF4854D1CACBD950029B466 /* LZColorDetectorUITests.m */; };
		CBF485741CACBE990029B466 /* AppDelegate.m in Sources */ = {isa = PBXBuildFile; fileRef = CBF4855E1CACBE990029B466 /* AppDelegate.m */; };
		CBF485751CACBE990029B466 /* ViewController.m in Sources */ = {isa = PBXBuildFile; fileRef = CBF485611CACBE990029B466 /* ViewController.m */; };
		CBF485761CACBE990029B466 /* Assets.xcassets in Resources */ = {isa = PBXBuildFile; fileRef = CBF4856B1CACBE990029B466 /* Assets.xcassets */; };
		CBF485791CACBE990029B466 /* Info.plist in Resources */ = {isa = PBXBuildFile; fileRef = CBF485721CACBE990029B466 /* Info.plist */; };
		CBF4857A1CACBE990029B466 /* main.m in Sources */ = {isa = PBXBuildFile; fileRef = CBF485731CACBE990029B466 /* main.m */; };
		CBF4857C1CACC92C0029B466 /* Main.storyboard in Resources */ = {isa = PBXBuildFile; fileRef = CBF4857B1CACC92C0029B466 /* Main.storyboard */; };
/* End PBXBuildFile section */

/* Begin PBXContainerItemProxy section */
		CBF4853F1CACBD950029B466 /* PBXContainerItemProxy */ = {
			isa = PBXContainerItemProxy;
			containerPortal = CBF4851D1CACBD950029B466 /* Project object */;
			proxyType = 1;
			remoteGlobalIDString = CBF485241CACBD950029B466;
			remoteInfo = LZColorDetector;
		};
		CBF4854A1CACBD950029B466 /* PBXContainerItemProxy */ = {
			isa = PBXContainerItemProxy;
			containerPortal = CBF4851D1CACBD950029B466 /* Project object */;
			proxyType = 1;
			remoteGlobalIDString = CBF485241CACBD950029B466;
			remoteInfo = LZColorDetector;
		};
/* End PBXContainerItemProxy section */

/* Begin PBXFileReference section */
		CB0908671CADC47400835211 /* UIImageView+LZColor.h */ = {isa = PBXFileReference; fileEncoding = 4; lastKnownFileType = sourcecode.c.h; path = "UIImageView+LZColor.h"; sourceTree = "<group>"; };
		CB0908681CADC47400835211 /* UIImageView+LZColor.m */ = {isa = PBXFileReference; fileEncoding = 4; lastKnownFileType = sourcecode.c.objc; path = "UIImageView+LZColor.m"; sourceTree = "<group>"; };
		CB19794C1CADC85A0015B394 /* NSString+LZColor.h */ = {isa = PBXFileReference; fileEncoding = 4; lastKnownFileType = sourcecode.c.h; path = "NSString+LZColor.h"; sourceTree = "<group>"; };
		CB19794D1CADC85A0015B394 /* NSString+LZColor.m */ = {isa = PBXFileReference; fileEncoding = 4; lastKnownFileType = sourcecode.c.objc; path = "NSString+LZColor.m"; sourceTree = "<group>"; };
		CB19794F1CADD5E50015B394 /* UIColor+LZColor.h */ = {isa = PBXFileReference; fileEncoding = 4; lastKnownFileType = sourcecode.c.h; path = "UIColor+LZColor.h"; sourceTree = "<group>"; };
		CB1979501CADD5E50015B394 /* UIColor+LZColor.m */ = {isa = PBXFileReference; fileEncoding = 4; lastKnownFileType = sourcecode.c.objc; path = "UIColor+LZColor.m"; sourceTree = "<group>"; };
		CBEA0AE71CACE1320008141F /* UIView+LZFrame.h */ = {isa = PBXFileReference; fileEncoding = 4; lastKnownFileType = sourcecode.c.h; path = "UIView+LZFrame.h"; sourceTree = "<group>"; };
		CBEA0AE81CACE1320008141F /* UIView+LZFrame.m */ = {isa = PBXFileReference; fileEncoding = 4; lastKnownFileType = sourcecode.c.objc; path = "UIView+LZFrame.m"; sourceTree = "<group>"; };
		CBEA0AEB1CACE3360008141F /* SVIndefiniteAnimatedView.h */ = {isa = PBXFileReference; fileEncoding = 4; lastKnownFileType = sourcecode.c.h; path = SVIndefiniteAnimatedView.h; sourceTree = "<group>"; };
		CBEA0AEC1CACE3360008141F /* SVIndefiniteAnimatedView.m */ = {isa = PBXFileReference; fileEncoding = 4; lastKnownFileType = sourcecode.c.objc; path = SVIndefiniteAnimatedView.m; sourceTree = "<group>"; };
		CBEA0AED1CACE3360008141F /* SVProgressHUD-Prefix.pch */ = {isa = PBXFileReference; fileEncoding = 4; lastKnownFileType = sourcecode.c.h; path = "SVProgressHUD-Prefix.pch"; sourceTree = "<group>"; };
		CBEA0AEE1CACE3360008141F /* SVProgressHUD.bundle */ = {isa = PBXFileReference; lastKnownFileType = "wrapper.plug-in"; path = SVProgressHUD.bundle; sourceTree = "<group>"; };
		CBEA0AEF1CACE3360008141F /* SVProgressHUD.h */ = {isa = PBXFileReference; fileEncoding = 4; lastKnownFileType = sourcecode.c.h; path = SVProgressHUD.h; sourceTree = "<group>"; };
		CBEA0AF01CACE3360008141F /* SVProgressHUD.m */ = {isa = PBXFileReference; fileEncoding = 4; lastKnownFileType = sourcecode.c.objc; path = SVProgressHUD.m; sourceTree = "<group>"; };
		CBEA0AF11CACE3360008141F /* SVRadialGradientLayer.h */ = {isa = PBXFileReference; fileEncoding = 4; lastKnownFileType = sourcecode.c.h; path = SVRadialGradientLayer.h; sourceTree = "<group>"; };
		CBEA0AF21CACE3360008141F /* SVRadialGradientLayer.m */ = {isa = PBXFileReference; fileEncoding = 4; lastKnownFileType = sourcecode.c.objc; path = SVRadialGradientLayer.m; sourceTree = "<group>"; };
		CBEA0AF71CACEF4B0008141F /* LZPickerColorController.h */ = {isa = PBXFileReference; fileEncoding = 4; lastKnownFileType = sourcecode.c.h; path = LZPickerColorController.h; sourceTree = "<group>"; };
		CBEA0AF81CACEF4B0008141F /* LZPickerColorController.m */ = {isa = PBXFileReference; fileEncoding = 4; lastKnownFileType = sourcecode.c.objc; path = LZPickerColorController.m; sourceTree = "<group>"; };
		CBEA0AFA1CACF00D0008141F /* LZPickerColorController.xib */ = {isa = PBXFileReference; fileEncoding = 4; lastKnownFileType = file.xib; path = LZPickerColorController.xib; sourceTree = "<group>"; };
		CBF485251CACBD950029B466 /* LZColorDetector.app */ = {isa = PBXFileReference; explicitFileType = wrapper.application; includeInIndex = 0; path = LZColorDetector.app; sourceTree = BUILT_PRODUCTS_DIR; };
		CBF4853E1CACBD950029B466 /* LZColorDetectorTests.xctest */ = {isa = PBXFileReference; explicitFileType = wrapper.cfbundle; includeInIndex = 0; path = LZColorDetectorTests.xctest; sourceTree = BUILT_PRODUCTS_DIR; };
		CBF485421CACBD950029B466 /* LZColorDetectorTests.m */ = {isa = PBXFileReference; lastKnownFileType = sourcecode.c.objc; path = LZColorDetectorTests.m; sourceTree = "<group>"; };
		CBF485441CACBD950029B466 /* Info.plist */ = {isa = PBXFileReference; lastKnownFileType = text.plist.xml; path = Info.plist; sourceTree = "<group>"; };
		CBF485491CACBD950029B466 /* LZColorDetectorUITests.xctest */ = {isa = PBXFileReference; explicitFileType = wrapper.cfbundle; includeInIndex = 0; path = LZColorDetectorUITests.xctest; sourceTree = BUILT_PRODUCTS_DIR; };
		CBF4854D1CACBD950029B466 /* LZColorDetectorUITests.m */ = {isa = PBXFileReference; lastKnownFileType = sourcecode.c.objc; path = LZColorDetectorUITests.m; sourceTree = "<group>"; };
		CBF4854F1CACBD950029B466 /* Info.plist */ = {isa = PBXFileReference; lastKnownFileType = text.plist.xml; path = Info.plist; sourceTree = "<group>"; };
		CBF4855D1CACBE990029B466 /* AppDelegate.h */ = {isa = PBXFileReference; fileEncoding = 4; lastKnownFileType = sourcecode.c.h; path = AppDelegate.h; sourceTree = "<group>"; };
		CBF4855E1CACBE990029B466 /* AppDelegate.m */ = {isa = PBXFileReference; fileEncoding = 4; lastKnownFileType = sourcecode.c.objc; path = AppDelegate.m; sourceTree = "<group>"; };
		CBF485601CACBE990029B466 /* ViewController.h */ = {isa = PBXFileReference; fileEncoding = 4; lastKnownFileType = sourcecode.c.h; path = ViewController.h; sourceTree = "<group>"; };
		CBF485611CACBE990029B466 /* ViewController.m */ = {isa = PBXFileReference; fileEncoding = 4; lastKnownFileType = sourcecode.c.objc; path = ViewController.m; sourceTree = "<group>"; };
		CBF4856B1CACBE990029B466 /* Assets.xcassets */ = {isa = PBXFileReference; lastKnownFileType = folder.assetcatalog; path = Assets.xcassets; sourceTree = "<group>"; };
		CBF485721CACBE990029B466 /* Info.plist */ = {isa = PBXFileReference; fileEncoding = 4; lastKnownFileType = text.plist.xml; path = Info.plist; sourceTree = "<group>"; };
		CBF485731CACBE990029B466 /* main.m */ = {isa = PBXFileReference; fileEncoding = 4; lastKnownFileType = sourcecode.c.objc; path = main.m; sourceTree = "<group>"; };
		CBF4857B1CACC92C0029B466 /* Main.storyboard */ = {isa = PBXFileReference; fileEncoding = 4; lastKnownFileType = file.storyboard; path = Main.storyboard; sourceTree = "<group>"; };
/* End PBXFileReference section */

/* Begin PBXFrameworksBuildPhase section */
		CBF485221CACBD950029B466 /* Frameworks */ = {
			isa = PBXFrameworksBuildPhase;
			buildActionMask = 2147483647;
			files = (
			);
			runOnlyForDeploymentPostprocessing = 0;
		};
		CBF4853B1CACBD950029B466 /* Frameworks */ = {
			isa = PBXFrameworksBuildPhase;
			buildActionMask = 2147483647;
			files = (
			);
			runOnlyForDeploymentPostprocessing = 0;
		};
		CBF485461CACBD950029B466 /* Frameworks */ = {
			isa = PBXFrameworksBuildPhase;
			buildActionMask = 2147483647;
			files = (
			);
			runOnlyForDeploymentPostprocessing = 0;
		};
/* End PBXFrameworksBuildPhase section */

/* Begin PBXGroup section */
		CBEA0AEA1CACE3360008141F /* SVProgressHUD */ = {
			isa = PBXGroup;
			children = (
				CBEA0AEB1CACE3360008141F /* SVIndefiniteAnimatedView.h */,
				CBEA0AEC1CACE3360008141F /* SVIndefiniteAnimatedView.m */,
				CBEA0AED1CACE3360008141F /* SVProgressHUD-Prefix.pch */,
				CBEA0AEE1CACE3360008141F /* SVProgressHUD.bundle */,
				CBEA0AEF1CACE3360008141F /* SVProgressHUD.h */,
				CBEA0AF01CACE3360008141F /* SVProgressHUD.m */,
				CBEA0AF11CACE3360008141F /* SVRadialGradientLayer.h */,
				CBEA0AF21CACE3360008141F /* SVRadialGradientLayer.m */,
			);
			path = SVProgressHUD;
			sourceTree = "<group>";
		};
		CBF4851C1CACBD950029B466 = {
			isa = PBXGroup;
			children = (
				CBF485271CACBD950029B466 /* LZColorDetector */,
				CBF485411CACBD950029B466 /* LZColorDetectorTests */,
				CBF4854C1CACBD950029B466 /* LZColorDetectorUITests */,
				CBF485261CACBD950029B466 /* Products */,
			);
			sourceTree = "<group>";
		};
		CBF485261CACBD950029B466 /* Products */ = {
			isa = PBXGroup;
			children = (
				CBF485251CACBD950029B466 /* LZColorDetector.app */,
				CBF4853E1CACBD950029B466 /* LZColorDetectorTests.xctest */,
				CBF485491CACBD950029B466 /* LZColorDetectorUITests.xctest */,
			);
			name = Products;
			sourceTree = "<group>";
		};
		CBF485271CACBD950029B466 /* LZColorDetector */ = {
			isa = PBXGroup;
			children = (
				CBF4855B1CACBE990029B466 /* Classes */,
				CBF485691CACBE990029B466 /* Resources */,
				CBF485711CACBE990029B466 /* Surpporting */,
			);
			path = LZColorDetector;
			sourceTree = "<group>";
		};
		CBF485411CACBD950029B466 /* LZColorDetectorTests */ = {
			isa = PBXGroup;
			children = (
				CBF485421CACBD950029B466 /* LZColorDetectorTests.m */,
				CBF485441CACBD950029B466 /* Info.plist */,
			);
			path = LZColorDetectorTests;
			sourceTree = "<group>";
		};
		CBF4854C1CACBD950029B466 /* LZColorDetectorUITests */ = {
			isa = PBXGroup;
			children = (
				CBF4854D1CACBD950029B466 /* LZColorDetectorUITests.m */,
				CBF4854F1CACBD950029B466 /* Info.plist */,
			);
			path = LZColorDetectorUITests;
			sourceTree = "<group>";
		};
		CBF4855B1CACBE990029B466 /* Classes */ = {
			isa = PBXGroup;
			children = (
				CBF4855C1CACBE990029B466 /* AppDelegate */,
				CBF4855F1CACBE990029B466 /* Controllers */,
				CBF485621CACBE990029B466 /* Globals */,
				CBF485631CACBE990029B466 /* Models */,
				CBF485641CACBE990029B466 /* Parsers */,
				CBF485651CACBE990029B466 /* Publics */,
				CBF485661CACBE990029B466 /* Request */,
				CBF485671CACBE990029B466 /* Utilities */,
				CBF485681CACBE990029B466 /* Views */,
			);
			path = Classes;
			sourceTree = "<group>";
		};
		CBF4855C1CACBE990029B466 /* AppDelegate */ = {
			isa = PBXGroup;
			children = (
				CBF4855D1CACBE990029B466 /* AppDelegate.h */,
				CBF4855E1CACBE990029B466 /* AppDelegate.m */,
			);
			path = AppDelegate;
			sourceTree = "<group>";
		};
		CBF4855F1CACBE990029B466 /* Controllers */ = {
			isa = PBXGroup;
			children = (
				CBF485601CACBE990029B466 /* ViewController.h */,
				CBF485611CACBE990029B466 /* ViewController.m */,
				CBEA0AF71CACEF4B0008141F /* LZPickerColorController.h */,
				CBEA0AF81CACEF4B0008141F /* LZPickerColorController.m */,
			);
			path = Controllers;
			sourceTree = "<group>";
		};
		CBF485621CACBE990029B466 /* Globals */ = {
			isa = PBXGroup;
			children = (
			);
			path = Globals;
			sourceTree = "<group>";
		};
		CBF485631CACBE990029B466 /* Models */ = {
			isa = PBXGroup;
			children = (
			);
			path = Models;
			sourceTree = "<group>";
		};
		CBF485641CACBE990029B466 /* Parsers */ = {
			isa = PBXGroup;
			children = (
			);
			path = Parsers;
			sourceTree = "<group>";
		};
		CBF485651CACBE990029B466 /* Publics */ = {
			isa = PBXGroup;
			children = (
				CBEA0AEA1CACE3360008141F /* SVProgressHUD */,
			);
			path = Publics;
			sourceTree = "<group>";
		};
		CBF485661CACBE990029B466 /* Request */ = {
			isa = PBXGroup;
			children = (
			);
			path = Request;
			sourceTree = "<group>";
		};
		CBF485671CACBE990029B466 /* Utilities */ = {
			isa = PBXGroup;
			children = (
				CBEA0AE71CACE1320008141F /* UIView+LZFrame.h */,
				CBEA0AE81CACE1320008141F /* UIView+LZFrame.m */,
				CB0908671CADC47400835211 /* UIImageView+LZColor.h */,
				CB0908681CADC47400835211 /* UIImageView+LZColor.m */,
				CB19794C1CADC85A0015B394 /* NSString+LZColor.h */,
				CB19794D1CADC85A0015B394 /* NSString+LZColor.m */,
				CB19794F1CADD5E50015B394 /* UIColor+LZColor.h */,
				CB1979501CADD5E50015B394 /* UIColor+LZColor.m */,
			);
			path = Utilities;
			sourceTree = "<group>";
		};
		CBF485681CACBE990029B466 /* Views */ = {
			isa = PBXGroup;
			children = (
			);
			path = Views;
			sourceTree = "<group>";
		};
		CBF485691CACBE990029B466 /* Resources */ = {
			isa = PBXGroup;
			children = (
				CBF4856A1CACBE990029B466 /* images */,
				CBF4856C1CACBE990029B466 /* xibs */,
			);
			path = Resources;
			sourceTree = "<group>";
		};
		CBF4856A1CACBE990029B466 /* images */ = {
			isa = PBXGroup;
			children = (
				CBF4856B1CACBE990029B466 /* Assets.xcassets */,
			);
			path = images;
			sourceTree = "<group>";
		};
		CBF4856C1CACBE990029B466 /* xibs */ = {
			isa = PBXGroup;
			children = (
				CBF4857B1CACC92C0029B466 /* Main.storyboard */,
				CBEA0AFA1CACF00D0008141F /* LZPickerColorController.xib */,
			);
			path = xibs;
			sourceTree = "<group>";
		};
		CBF485711CACBE990029B466 /* Surpporting */ = {
			isa = PBXGroup;
			children = (
				CBF485721CACBE990029B466 /* Info.plist */,
				CBF485731CACBE990029B466 /* main.m */,
			);
			path = Surpporting;
			sourceTree = "<group>";
		};
/* End PBXGroup section */

/* Begin PBXNativeTarget section */
		CBF485241CACBD950029B466 /* LZColorDetector */ = {
			isa = PBXNativeTarget;
			buildConfigurationList = CBF485521CACBD950029B466 /* Build configuration list for PBXNativeTarget "LZColorDetector" */;
			buildPhases = (
				CBF485211CACBD950029B466 /* Sources */,
				CBF485221CACBD950029B466 /* Frameworks */,
				CBF485231CACBD950029B466 /* Resources */,
			);
			buildRules = (
			);
			dependencies = (
			);
			name = LZColorDetector;
			productName = LZColorDetector;
			productReference = CBF485251CACBD950029B466 /* LZColorDetector.app */;
			productType = "com.apple.product-type.application";
		};
		CBF4853D1CACBD950029B466 /* LZColorDetectorTests */ = {
			isa = PBXNativeTarget;
			buildConfigurationList = CBF485551CACBD950029B466 /* Build configuration list for PBXNativeTarget "LZColorDetectorTests" */;
			buildPhases = (
				CBF4853A1CACBD950029B466 /* Sources */,
				CBF4853B1CACBD950029B466 /* Frameworks */,
				CBF4853C1CACBD950029B466 /* Resources */,
			);
			buildRules = (
			);
			dependencies = (
				CBF485401CACBD950029B466 /* PBXTargetDependency */,
			);
			name = LZColorDetectorTests;
			productName = LZColorDetectorTests;
			productReference = CBF4853E1CACBD950029B466 /* LZColorDetectorTests.xctest */;
			productType = "com.apple.product-type.bundle.unit-test";
		};
		CBF485481CACBD950029B466 /* LZColorDetectorUITests */ = {
			isa = PBXNativeTarget;
			buildConfigurationList = CBF485581CACBD950029B466 /* Build configuration list for PBXNativeTarget "LZColorDetectorUITests" */;
			buildPhases = (
				CBF485451CACBD950029B466 /* Sources */,
				CBF485461CACBD950029B466 /* Frameworks */,
				CBF485471CACBD950029B466 /* Resources */,
			);
			buildRules = (
			);
			dependencies = (
				CBF4854B1CACBD950029B466 /* PBXTargetDependency */,
			);
			name = LZColorDetectorUITests;
			productName = LZColorDetectorUITests;
			productReference = CBF485491CACBD950029B466 /* LZColorDetectorUITests.xctest */;
			productType = "com.apple.product-type.bundle.ui-testing";
		};
/* End PBXNativeTarget section */

/* Begin PBXProject section */
		CBF4851D1CACBD950029B466 /* Project object */ = {
			isa = PBXProject;
			attributes = {
				LastUpgradeCheck = 0720;
				ORGANIZATIONNAME = com.comst1314;
				TargetAttributes = {
					CBF485241CACBD950029B466 = {
						CreatedOnToolsVersion = 7.2;
						DevelopmentTeam = 6RLR7J2EXS;
						SystemCapabilities = {
							com.apple.BackgroundModes = {
								enabled = 0;
							};
							com.apple.Push = {
								enabled = 0;
							};
						};
					};
					CBF4853D1CACBD950029B466 = {
						CreatedOnToolsVersion = 7.2;
						TestTargetID = CBF485241CACBD950029B466;
					};
					CBF485481CACBD950029B466 = {
						CreatedOnToolsVersion = 7.2;
						TestTargetID = CBF485241CACBD950029B466;
					};
				};
			};
			buildConfigurationList = CBF485201CACBD950029B466 /* Build configuration list for PBXProject "LZColorDetector" */;
			compatibilityVersion = "Xcode 3.2";
			developmentRegion = English;
			hasScannedForEncodings = 0;
			knownRegions = (
				en,
				Base,
			);
			mainGroup = CBF4851C1CACBD950029B466;
			productRefGroup = CBF485261CACBD950029B466 /* Products */;
			projectDirPath = "";
			projectRoot = "";
			targets = (
				CBF485241CACBD950029B466 /* LZColorDetector */,
				CBF4853D1CACBD950029B466 /* LZColorDetectorTests */,
				CBF485481CACBD950029B466 /* LZColorDetectorUITests */,
			);
		};
/* End PBXProject section */

/* Begin PBXResourcesBuildPhase section */
		CBF485231CACBD950029B466 /* Resources */ = {
			isa = PBXResourcesBuildPhase;
			buildActionMask = 2147483647;
			files = (
				CBF485791CACBE990029B466 /* Info.plist in Resources */,
				CBF4857C1CACC92C0029B466 /* Main.storyboard in Resources */,
				CBF485761CACBE990029B466 /* Assets.xcassets in Resources */,
				CBEA0AFB1CACF00D0008141F /* LZPickerColorController.xib in Resources */,
				CBEA0AF41CACE3360008141F /* SVProgressHUD.bundle in Resources */,
			);
			runOnlyForDeploymentPostprocessing = 0;
		};
		CBF4853C1CACBD950029B466 /* Resources */ = {
			isa = PBXResourcesBuildPhase;
			buildActionMask = 2147483647;
			files = (
			);
			runOnlyForDeploymentPostprocessing = 0;
		};
		CBF485471CACBD950029B466 /* Resources */ = {
			isa = PBXResourcesBuildPhase;
			buildActionMask = 2147483647;
			files = (
			);
			runOnlyForDeploymentPostprocessing = 0;
		};
/* End PBXResourcesBuildPhase section */

/* Begin PBXSourcesBuildPhase section */
		CBF485211CACBD950029B466 /* Sources */ = {
			isa = PBXSourcesBuildPhase;
			buildActionMask = 2147483647;
			files = (
				CBEA0AF61CACE3360008141F /* SVRadialGradientLayer.m in Sources */,
				CB0908691CADC47400835211 /* UIImageView+LZColor.m in Sources */,
				CBEA0AF31CACE3360008141F /* SVIndefiniteAnimatedView.m in Sources */,
				CBEA0AE91CACE1320008141F /* UIView+LZFrame.m in Sources */,
				CBEA0AF91CACEF4B0008141F /* LZPickerColorController.m in Sources */,
				CBF485751CACBE990029B466 /* ViewController.m in Sources */,
				CBF4857A1CACBE990029B466 /* main.m in Sources */,
				CB19794E1CADC85A0015B394 /* NSString+LZColor.m in Sources */,
				CB1979511CADD5E50015B394 /* UIColor+LZColor.m in Sources */,
				CBF485741CACBE990029B466 /* AppDelegate.m in Sources */,
				CBEA0AF51CACE3360008141F /* SVProgressHUD.m in Sources */,
			);
			runOnlyForDeploymentPostprocessing = 0;
		};
		CBF4853A1CACBD950029B466 /* Sources */ = {
			isa = PBXSourcesBuildPhase;
			buildActionMask = 2147483647;
			files = (
				CBF485431CACBD950029B466 /* LZColorDetectorTests.m in Sources */,
			);
			runOnlyForDeploymentPostprocessing = 0;
		};
		CBF485451CACBD950029B466 /* Sources */ = {
			isa = PBXSourcesBuildPhase;
			buildActionMask = 2147483647;
			files = (
				CBF4854E1CACBD950029B466 /* LZColorDetectorUITests.m in Sources */,
			);
			runOnlyForDeploymentPostprocessing = 0;
		};
/* End PBXSourcesBuildPhase section */

/* Begin PBXTargetDependency section */
		CBF485401CACBD950029B466 /* PBXTargetDependency */ = {
			isa = PBXTargetDependency;
			target = CBF485241CACBD950029B466 /* LZColorDetector */;
			targetProxy = CBF4853F1CACBD950029B466 /* PBXContainerItemProxy */;
		};
		CBF4854B1CACBD950029B466 /* PBXTargetDependency */ = {
			isa = PBXTargetDependency;
			target = CBF485241CACBD950029B466 /* LZColorDetector */;
			targetProxy = CBF4854A1CACBD950029B466 /* PBXContainerItemProxy */;
		};
/* End PBXTargetDependency section */

/* Begin XCBuildConfiguration section */
		CBF485501CACBD950029B466 /* Debug */ = {
			isa = XCBuildConfiguration;
			buildSettings = {
				ALWAYS_SEARCH_USER_PATHS = NO;
				CLANG_CXX_LANGUAGE_STANDARD = "gnu++0x";
				CLANG_CXX_LIBRARY = "libc++";
				CLANG_ENABLE_MODULES = YES;
				CLANG_ENABLE_OBJC_ARC = YES;
				CLANG_WARN_BOOL_CONVERSION = YES;
				CLANG_WARN_CONSTANT_CONVERSION = YES;
				CLANG_WARN_DIRECT_OBJC_ISA_USAGE = YES_ERROR;
				CLANG_WARN_EMPTY_BODY = YES;
				CLANG_WARN_ENUM_CONVERSION = YES;
				CLANG_WARN_INT_CONVERSION = YES;
				CLANG_WARN_OBJC_ROOT_CLASS = YES_ERROR;
				CLANG_WARN_UNREACHABLE_CODE = YES;
				CLANG_WARN__DUPLICATE_METHOD_MATCH = YES;
				CODE_SIGN_IDENTITY = "iPhone Developer: Zhao Liu (6CXU4P7XB5)";
				"CODE_SIGN_IDENTITY[sdk=iphoneos*]" = "iPhone Developer: Zhao Liu (6CXU4P7XB5)";
				COPY_PHASE_STRIP = NO;
				DEBUG_INFORMATION_FORMAT = dwarf;
				ENABLE_STRICT_OBJC_MSGSEND = YES;
				ENABLE_TESTABILITY = YES;
				GCC_C_LANGUAGE_STANDARD = gnu99;
				GCC_DYNAMIC_NO_PIC = NO;
				GCC_NO_COMMON_BLOCKS = YES;
				GCC_OPTIMIZATION_LEVEL = 0;
				GCC_PREPROCESSOR_DEFINITIONS = (
					"DEBUG=1",
					"$(inherited)",
				);
				GCC_WARN_64_TO_32_BIT_CONVERSION = YES;
				GCC_WARN_ABOUT_RETURN_TYPE = YES_ERROR;
				GCC_WARN_UNDECLARED_SELECTOR = YES;
				GCC_WARN_UNINITIALIZED_AUTOS = YES_AGGRESSIVE;
				GCC_WARN_UNUSED_FUNCTION = YES;
				GCC_WARN_UNUSED_VARIABLE = YES;
				IPHONEOS_DEPLOYMENT_TARGET = 9.2;
				MTL_ENABLE_DEBUG_INFO = YES;
				ONLY_ACTIVE_ARCH = YES;
				PROVISIONING_PROFILE = "";
				SDKROOT = iphoneos;
			};
			name = Debug;
		};
		CBF485511CACBD950029B466 /* Release */ = {
			isa = XCBuildConfiguration;
			buildSettings = {
				ALWAYS_SEARCH_USER_PATHS = NO;
				CLANG_CXX_LANGUAGE_STANDARD = "gnu++0x";
				CLANG_CXX_LIBRARY = "libc++";
				CLANG_ENABLE_MODULES = YES;
				CLANG_ENABLE_OBJC_ARC = YES;
				CLANG_WARN_BOOL_CONVERSION = YES;
				CLANG_WARN_CONSTANT_CONVERSION = YES;
				CLANG_WARN_DIRECT_OBJC_ISA_USAGE = YES_ERROR;
				CLANG_WARN_EMPTY_BODY = YES;
				CLANG_WARN_ENUM_CONVERSION = YES;
				CLANG_WARN_INT_CONVERSION = YES;
				CLANG_WARN_OBJC_ROOT_CLASS = YES_ERROR;
				CLANG_WARN_UNREACHABLE_CODE = YES;
				CLANG_WARN__DUPLICATE_METHOD_MATCH = YES;
				CODE_SIGN_IDENTITY = "iPhone Developer: Zhao Liu (6CXU4P7XB5)";
				"CODE_SIGN_IDENTITY[sdk=iphoneos*]" = "iPhone Developer: Zhao Liu (6CXU4P7XB5)";
				COPY_PHASE_STRIP = NO;
				DEBUG_INFORMATION_FORMAT = "dwarf-with-dsym";
				ENABLE_NS_ASSERTIONS = NO;
				ENABLE_STRICT_OBJC_MSGSEND = YES;
				GCC_C_LANGUAGE_STANDARD = gnu99;
				GCC_NO_COMMON_BLOCKS = YES;
				GCC_WARN_64_TO_32_BIT_CONVERSION = YES;
				GCC_WARN_ABOUT_RETURN_TYPE = YES_ERROR;
				GCC_WARN_UNDECLARED_SELECTOR = YES;
				GCC_WARN_UNINITIALIZED_AUTOS = YES_AGGRESSIVE;
				GCC_WARN_UNUSED_FUNCTION = YES;
				GCC_WARN_UNUSED_VARIABLE = YES;
				IPHONEOS_DEPLOYMENT_TARGET = 9.2;
				MTL_ENABLE_DEBUG_INFO = NO;
				PROVISIONING_PROFILE = "";
				SDKROOT = iphoneos;
				VALIDATE_PRODUCT = YES;
			};
			name = Release;
		};
		CBF485531CACBD950029B466 /* Debug */ = {
			isa = XCBuildConfiguration;
			buildSettings = {
				ASSETCATALOG_COMPILER_APPICON_NAME = AppIcon;
				CODE_SIGN_IDENTITY = "iPhone Developer: Zhao Liu (6CXU4P7XB5)";
				"CODE_SIGN_IDENTITY[sdk=iphoneos*]" = "iPhone Developer: Zhao Liu (6CXU4P7XB5)";
				INFOPLIST_FILE = LZColorDetector/Surpporting/Info.plist;
				LD_RUNPATH_SEARCH_PATHS = "$(inherited) @executable_path/Frameworks";
				PRODUCT_BUNDLE_IDENTIFIER = com.comst1314.LZColorDetector;
				PRODUCT_NAME = "$(TARGET_NAME)";
				PROVISIONING_PROFILE = "";
			};
			name = Debug;
		};
		CBF485541CACBD950029B466 /* Release */ = {
			isa = XCBuildConfiguration;
			buildSettings = {
				ASSETCATALOG_COMPILER_APPICON_NAME = AppIcon;
				CODE_SIGN_IDENTITY = "iPhone Developer: Zhao Liu (6CXU4P7XB5)";
				"CODE_SIGN_IDENTITY[sdk=iphoneos*]" = "iPhone Developer: Zhao Liu (6CXU4P7XB5)";
				INFOPLIST_FILE = LZColorDetector/Surpporting/Info.plist;
				LD_RUNPATH_SEARCH_PATHS = "$(inherited) @executable_path/Frameworks";
				PRODUCT_BUNDLE_IDENTIFIER = com.comst1314.LZColorDetector;
				PRODUCT_NAME = "$(TARGET_NAME)";
				PROVISIONING_PROFILE = "";
			};
			name = Release;
		};
		CBF485561CACBD950029B466 /* Debug */ = {
			isa = XCBuildConfiguration;
			buildSettings = {
				BUNDLE_LOADER = "$(TEST_HOST)";
				INFOPLIST_FILE = LZColorDetectorTests/Info.plist;
				LD_RUNPATH_SEARCH_PATHS = "$(inherited) @executable_path/Frameworks @loader_path/Frameworks";
				PRODUCT_BUNDLE_IDENTIFIER = com.comst1314.LZColorDetectorTests;
				PRODUCT_NAME = "$(TARGET_NAME)";
				TEST_HOST = "$(BUILT_PRODUCTS_DIR)/LZColorDetector.app/LZColorDetector";
			};
			name = Debug;
		};
		CBF485571CACBD950029B466 /* Release */ = {
			isa = XCBuildConfiguration;
			buildSettings = {
				BUNDLE_LOADER = "$(TEST_HOST)";
				INFOPLIST_FILE = LZColorDetectorTests/Info.plist;
				LD_RUNPATH_SEARCH_PATHS = "$(inherited) @executable_path/Frameworks @loader_path/Frameworks";
				PRODUCT_BUNDLE_IDENTIFIER = com.comst1314.LZColorDetectorTests;
				PRODUCT_NAME = "$(TARGET_NAME)";
				TEST_HOST = "$(BUILT_PRODUCTS_DIR)/LZColorDetector.app/LZColorDetector";
			};
			name = Release;
		};
		CBF485591CACBD950029B466 /* Debug */ = {
			isa = XCBuildConfiguration;
			buildSettings = {
				INFOPLIST_FILE = LZColorDetectorUITests/Info.plist;
				LD_RUNPATH_SEARCH_PATHS = "$(inherited) @executable_path/Frameworks @loader_path/Frameworks";
				PRODUCT_BUNDLE_IDENTIFIER = com.comst1314.LZColorDetectorUITests;
				PRODUCT_NAME = "$(TARGET_NAME)";
				TEST_TARGET_NAME = LZColorDetector;
				USES_XCTRUNNER = YES;
			};
			name = Debug;
		};
		CBF4855A1CACBD950029B466 /* Release */ = {
			isa = XCBuildConfiguration;
			buildSettings = {
				INFOPLIST_FILE = LZColorDetectorUITests/Info.plist;
				LD_RUNPATH_SEARCH_PATHS = "$(inherited) @executable_path/Frameworks @loader_path/Frameworks";
				PRODUCT_BUNDLE_IDENTIFIER = com.comst1314.LZColorDetectorUITests;
				PRODUCT_NAME = "$(TARGET_NAME)";
				TEST_TARGET_NAME = LZColorDetector;
				USES_XCTRUNNER = YES;
			};
			name = Release;
		};
/* End XCBuildConfiguration section */

/* Begin XCConfigurationList section */
		CBF485201CACBD950029B466 /* Build configuration list for PBXProject "LZColorDetector" */ = {
			isa = XCConfigurationList;
			buildConfigurations = (
				CBF485501CACBD950029B466 /* Debug */,
				CBF485511CACBD950029B466 /* Release */,
			);
			defaultConfigurationIsVisible = 0;
			defaultConfigurationName = Release;
		};
		CBF485521CACBD950029B466 /* Build configuration list for PBXNativeTarget "LZColorDetector" */ = {
			isa = XCConfigurationList;
			buildConfigurations = (
				CBF485531CACBD950029B466 /* Debug */,
				CBF485541CACBD950029B466 /* Release */,
			);
			defaultConfigurationIsVisible = 0;
			defaultConfigurationName = Release;
		};
		CBF485551CACBD950029B466 /* Build configuration list for PBXNativeTarget "LZColorDetectorTests" */ = {
			isa = XCConfigurationList;
			buildConfigurations = (
				CBF485561CACBD950029B466 /* Debug */,
				CBF485571CACBD950029B466 /* Release */,
			);
			defaultConfigurationIsVisible = 0;
			defaultConfigurationName = Release;
		};
		CBF485581CACBD950029B466 /* Build configuration list for PBXNativeTarget "LZColorDetectorUITests" */ = {
			isa = XCConfigurationList;
			buildConfigurations = (
				CBF485591CACBD950029B466 /* Debug */,
				CBF4855A1CACBD950029B466 /* Release */,
			);
			defaultConfigurationIsVisible = 0;
			defaultConfigurationName = Release;
		};
/* End XCConfigurationList section */
	};
	rootObject = CBF4851D1CACBD950029B466 /* Project object */;
}
